
Microsoft Visual Studio Solution File, Format Version 12.00
# Visual Studio 15
VisualStudioVersion = 15.0.27130.2036
MinimumVisualStudioVersion = 10.0.40219.1
Project("{FAE04EC0-301F-11D3-BF4B-00C04F79EFBC}") = "Encriptar", "WindowsFormsApp1\Encriptar.csproj", "{7286ABE6-2838-44DA-A9B7-2F9CF3D93C7E}"
EndProject
Global
	GlobalSection(SolutionConfigurationPlatforms) = preSolution
		Debug|Any CPU = Debug|Any CPU
		Release|Any CPU = Release|Any CPU
	EndGlobalSection
	GlobalSection(ProjectConfigurationPlatforms) = postSolution
		{7286ABE6-2838-44DA-A9B7-2F9CF3D93C7E}.Debug|Any CPU.ActiveCfg = Debug|Any CPU
		{7286ABE6-2838-44DA-A9B7-2F9CF3D93C7E}.Debug|Any CPU.Build.0 = Debug|Any CPU
		{7286ABE6-2838-44DA-A9B7-2F9CF3D93C7E}.Release|Any CPU.ActiveCfg = Release|Any CPU
		{7286ABE6-2838-44DA-A9B7-2F9CF3D93C7E}.Release|Any CPU.Build.0 = Release|Any CPU
	EndGlobalSection
	GlobalSection(SolutionProperties) = preSolution
		HideSolutionNode = FALSE
	EndGlobalSection
	GlobalSection(ExtensibilityGlobals) = postSolution
		SolutionGuid = {7CA59F38-F2C6-46C4-BE7A-FC7A04840BAF}
	EndGlobalSection
EndGlobal
